// !$*UTF8*$!
{
	archiveVersion = 1;
	classes = {
	};
	objectVersion = 46;
	objects = {

/* Begin PBXBuildFile section */
		8B4C79A11B4BB868009BEA03 /* SCSMainController.m in Sources */ = {isa = PBXBuildFile; fileRef = 8B4C79A01B4BB868009BEA03 /* SCSMainController.m */; };
		8B9486021B46CAE70088F101 /* main.m in Sources */ = {isa = PBXBuildFile; fileRef = 8B9486011B46CAE70088F101 /* main.m */; };
		8B9486051B46CAE70088F101 /* AppDelegate.m in Sources */ = {isa = PBXBuildFile; fileRef = 8B9486041B46CAE70088F101 /* AppDelegate.m */; };
		8B94860D1B46CAE70088F101 /* Assets.xcassets in Resources */ = {isa = PBXBuildFile; fileRef = 8B94860C1B46CAE70088F101 /* Assets.xcassets */; };
		8B9486101B46CAE70088F101 /* LaunchScreen.storyboard in Resources */ = {isa = PBXBuildFile; fileRef = 8B94860E1B46CAE70088F101 /* LaunchScreen.storyboard */; };
/* End PBXBuildFile section */

/* Begin PBXFileReference section */
		8B4C799F1B4BB868009BEA03 /* SCSMainController.h */ = {isa = PBXFileReference; fileEncoding = 4; lastKnownFileType = sourcecode.c.h; path = SCSMainController.h; sourceTree = "<group>"; };
		8B4C79A01B4BB868009BEA03 /* SCSMainController.m */ = {isa = PBXFileReference; fileEncoding = 4; lastKnownFileType = sourcecode.c.objc; path = SCSMainController.m; sourceTree = "<group>"; };
		8B9485FD1B46CAE70088F101 /* e-reader.app */ = {isa = PBXFileReference; explicitFileType = wrapper.application; includeInIndex = 0; path = "e-reader.app"; sourceTree = BUILT_PRODUCTS_DIR; };
		8B9486011B46CAE70088F101 /* main.m */ = {isa = PBXFileReference; lastKnownFileType = sourcecode.c.objc; path = main.m; sourceTree = "<group>"; };
		8B9486031B46CAE70088F101 /* AppDelegate.h */ = {isa = PBXFileReference; lastKnownFileType = sourcecode.c.h; path = AppDelegate.h; sourceTree = "<group>"; };
		8B9486041B46CAE70088F101 /* AppDelegate.m */ = {isa = PBXFileReference; lastKnownFileType = sourcecode.c.objc; path = AppDelegate.m; sourceTree = "<group>"; };
		8B94860C1B46CAE70088F101 /* Assets.xcassets */ = {isa = PBXFileReference; lastKnownFileType = folder.assetcatalog; path = Assets.xcassets; sourceTree = "<group>"; };
		8B94860F1B46CAE70088F101 /* Base */ = {isa = PBXFileReference; lastKnownFileType = file.storyboard; name = Base; path = Base.lproj/LaunchScreen.storyboard; sourceTree = "<group>"; };
		8B9486111B46CAE70088F101 /* Info.plist */ = {isa = PBXFileReference; lastKnownFileType = text.plist.xml; path = Info.plist; sourceTree = "<group>"; };
/* End PBXFileReference section */

/* Begin PBXFrameworksBuildPhase section */
		8B9485FA1B46CAE70088F101 /* Frameworks */ = {
			isa = PBXFrameworksBuildPhase;
			buildActionMask = 2147483647;
			files = (
			);
			runOnlyForDeploymentPostprocessing = 0;
		};
/* End PBXFrameworksBuildPhase section */

/* Begin PBXGroup section */
		8B4C799D1B4BB7CC009BEA03 /* View */ = {
			isa = PBXGroup;
			children = (
			);
			name = View;
			sourceTree = "<group>";
		};
		8B4C799E1B4BB7D3009BEA03 /* Controller */ = {
			isa = PBXGroup;
			children = (
				8B4C799F1B4BB868009BEA03 /* SCSMainController.h */,
				8B4C79A01B4BB868009BEA03 /* SCSMainController.m */,
			);
			name = Controller;
			sourceTree = "<group>";
		};
		8B9485F41B46CAE70088F101 = {
			isa = PBXGroup;
			children = (
				8B9485FF1B46CAE70088F101 /* e-reader */,
				8B9485FE1B46CAE70088F101 /* Products */,
			);
			sourceTree = "<group>";
		};
		8B9485FE1B46CAE70088F101 /* Products */ = {
			isa = PBXGroup;
			children = (
				8B9485FD1B46CAE70088F101 /* e-reader.app */,
			);
			name = Products;
			sourceTree = "<group>";
		};
		8B9485FF1B46CAE70088F101 /* e-reader */ = {
			isa = PBXGroup;
			children = (
				8BCB4CFE1B4AA7CD004E1659 /* Classes */,
				8B9486001B46CAE70088F101 /* Supporting Files */,
			);
			path = "e-reader";
			sourceTree = "<group>";
		};
		8B9486001B46CAE70088F101 /* Supporting Files */ = {
			isa = PBXGroup;
			children = (
				8B94860E1B46CAE70088F101 /* LaunchScreen.storyboard */,
				8B9486111B46CAE70088F101 /* Info.plist */,
				8B94860C1B46CAE70088F101 /* Assets.xcassets */,
				8B9486011B46CAE70088F101 /* main.m */,
			);
			name = "Supporting Files";
			sourceTree = "<group>";
		};
		8BCB4CFE1B4AA7CD004E1659 /* Classes */ = {
			isa = PBXGroup;
			children = (
				8BCB4D041B4AA82C004E1659 /* FrameWork */,
				8BCB4D031B4AA814004E1659 /* Other */,
				8BCB4D021B4AA805004E1659 /* Setting */,
				8BCB4D011B4AA7FC004E1659 /* Reader-set */,
				8BCB4D001B4AA7EC004E1659 /* Reader */,
				8BCB4CFF1B4AA7D8004E1659 /* Main */,
			);
			name = Classes;
			sourceTree = "<group>";
		};
		8BCB4CFF1B4AA7D8004E1659 /* Main */ = {
			isa = PBXGroup;
			children = (
				8B4C799E1B4BB7D3009BEA03 /* Controller */,
				8B4C799D1B4BB7CC009BEA03 /* View */,
			);
			name = Main;
			sourceTree = "<group>";
		};
		8BCB4D001B4AA7EC004E1659 /* Reader */ = {
			isa = PBXGroup;
			children = (
			);
			name = Reader;
			sourceTree = "<group>";
		};
		8BCB4D011B4AA7FC004E1659 /* Reader-set */ = {
			isa = PBXGroup;
			children = (
			);
			name = "Reader-set";
			sourceTree = "<group>";
		};
		8BCB4D021B4AA805004E1659 /* Setting */ = {
			isa = PBXGroup;
			children = (
			);
			name = Setting;
			sourceTree = "<group>";
		};
		8BCB4D031B4AA814004E1659 /* Other */ = {
			isa = PBXGroup;
			children = (
				8B9486031B46CAE70088F101 /* AppDelegate.h */,
				8B9486041B46CAE70088F101 /* AppDelegate.m */,
			);
			name = Other;
			sourceTree = "<group>";
		};
		8BCB4D041B4AA82C004E1659 /* FrameWork */ = {
			isa = PBXGroup;
			children = (
			);
			name = FrameWork;
			sourceTree = "<group>";
		};
/* End PBXGroup section */

/* Begin PBXNativeTarget section */
		8B9485FC1B46CAE70088F101 /* e-reader */ = {
			isa = PBXNativeTarget;
			buildConfigurationList = 8B9486141B46CAE70088F101 /* Build configuration list for PBXNativeTarget "e-reader" */;
			buildPhases = (
				8B9485F91B46CAE70088F101 /* Sources */,
				8B9485FA1B46CAE70088F101 /* Frameworks */,
				8B9485FB1B46CAE70088F101 /* Resources */,
			);
			buildRules = (
			);
			dependencies = (
			);
			name = "e-reader";
			productName = "e-reader";
			productReference = 8B9485FD1B46CAE70088F101 /* e-reader.app */;
			productType = "com.apple.product-type.application";
		};
/* End PBXNativeTarget section */

/* Begin PBXProject section */
		8B9485F51B46CAE70088F101 /* Project object */ = {
			isa = PBXProject;
			attributes = {
				CLASSPREFIX = SCS;
				LastUpgradeCheck = 0700;
				ORGANIZATIONNAME = smallCobblerStudio;
				TargetAttributes = {
					8B9485FC1B46CAE70088F101 = {
						CreatedOnToolsVersion = 7.0;
					};
				};
			};
			buildConfigurationList = 8B9485F81B46CAE70088F101 /* Build configuration list for PBXProject "e-reader" */;
			compatibilityVersion = "Xcode 3.2";
			developmentRegion = English;
			hasScannedForEncodings = 0;
			knownRegions = (
				en,
				Base,
			);
			mainGroup = 8B9485F41B46CAE70088F101;
			productRefGroup = 8B9485FE1B46CAE70088F101 /* Products */;
			projectDirPath = "";
			projectRoot = "";
			targets = (
				8B9485FC1B46CAE70088F101 /* e-reader */,
			);
		};
/* End PBXProject section */

/* Begin PBXResourcesBuildPhase section */
		8B9485FB1B46CAE70088F101 /* Resources */ = {
			isa = PBXResourcesBuildPhase;
			buildActionMask = 2147483647;
			files = (
				8B9486101B46CAE70088F101 /* LaunchScreen.storyboard in Resources */,
				8B94860D1B46CAE70088F101 /* Assets.xcassets in Resources */,
			);
			runOnlyForDeploymentPostprocessing = 0;
		};
/* End PBXResourcesBuildPhase section */

/* Begin PBXSourcesBuildPhase section */
		8B9485F91B46CAE70088F101 /* Sources */ = {
			isa = PBXSourcesBuildPhase;
			buildActionMask = 2147483647;
			files = (
				8B9486051B46CAE70088F101 /* AppDelegate.m in Sources */,
				8B4C79A11B4BB868009BEA03 /* SCSMainController.m in Sources */,
				8B9486021B46CAE70088F101 /* main.m in Sources */,
			);
			runOnlyForDeploymentPostprocessing = 0;
		};
/* End PBXSourcesBuildPhase section */

/* Begin PBXVariantGroup section */
		8B94860E1B46CAE70088F101 /* LaunchScreen.storyboard */ = {
			isa = PBXVariantGroup;
			children = (
				8B94860F1B46CAE70088F101 /* Base */,
			);
			name = LaunchScreen.storyboard;
			sourceTree = "<group>";
		};
/* End PBXVariantGroup section */

/* Begin XCBuildConfiguration section */
		8B9486121B46CAE70088F101 /* Debug */ = {
			isa = XCBuildConfiguration;
			buildSettings = {
				ALWAYS_SEARCH_USER_PATHS = NO;
				CLANG_CXX_LANGUAGE_STANDARD = "gnu++0x";
				CLANG_CXX_LIBRARY = "libc++";
				CLANG_ENABLE_MODULES = YES;
				CLANG_ENABLE_OBJC_ARC = YES;
				CLANG_WARN_BOOL_CONVERSION = YES;
				CLANG_WARN_CONSTANT_CONVERSION = YES;
				CLANG_WARN_DIRECT_OBJC_ISA_USAGE = YES_ERROR;
				CLANG_WARN_EMPTY_BODY = YES;
				CLANG_WARN_ENUM_CONVERSION = YES;
				CLANG_WARN_INT_CONVERSION = YES;
				CLANG_WARN_OBJC_ROOT_CLASS = YES_ERROR;
				CLANG_WARN_UNREACHABLE_CODE = YES;
				CLANG_WARN__DUPLICATE_METHOD_MATCH = YES;
				"CODE_SIGN_IDENTITY[sdk=iphoneos*]" = "iPhone Developer";
				COPY_PHASE_STRIP = NO;
				DEBUG_INFORMATION_FORMAT = dwarf;
				ENABLE_STRICT_OBJC_MSGSEND = YES;
				ENABLE_TESTABILITY = YES;
				GCC_C_LANGUAGE_STANDARD = gnu99;
				GCC_DYNAMIC_NO_PIC = NO;
				GCC_NO_COMMON_BLOCKS = YES;
				GCC_OPTIMIZATION_LEVEL = 0;
				GCC_PREPROCESSOR_DEFINITIONS = (
					"DEBUG=1",
					"$(inherited)",
				);
				GCC_WARN_64_TO_32_BIT_CONVERSION = YES;
				GCC_WARN_ABOUT_RETURN_TYPE = YES_ERROR;
				GCC_WARN_UNDECLARED_SELECTOR = YES;
				GCC_WARN_UNINITIALIZED_AUTOS = YES_AGGRESSIVE;
				GCC_WARN_UNUSED_FUNCTION = YES;
				GCC_WARN_UNUSED_VARIABLE = YES;
				IPHONEOS_DEPLOYMENT_TARGET = 9.0;
				MTL_ENABLE_DEBUG_INFO = YES;
				ONLY_ACTIVE_ARCH = YES;
				SDKROOT = iphoneos;
			};
			name = Debug;
		};
		8B9486131B46CAE70088F101 /* Release */ = {
			isa = XCBuildConfiguration;
			buildSettings = {
				ALWAYS_SEARCH_USER_PATHS = NO;
				CLANG_CXX_LANGUAGE_STANDARD = "gnu++0x";
				CLANG_CXX_LIBRARY = "libc++";
				CLANG_ENABLE_MODULES = YES;
				CLANG_ENABLE_OBJC_ARC = YES;
				CLANG_WARN_BOOL_CONVERSION = YES;
				CLANG_WARN_CONSTANT_CONVERSION = YES;
				CLANG_WARN_DIRECT_OBJC_ISA_USAGE = YES_ERROR;
				CLANG_WARN_EMPTY_BODY = YES;
				CLANG_WARN_ENUM_CONVERSION = YES;
				CLANG_WARN_INT_CONVERSION = YES;
				CLANG_WARN_OBJC_ROOT_CLASS = YES_ERROR;
				CLANG_WARN_UNREACHABLE_CODE = YES;
				CLANG_WARN__DUPLICATE_METHOD_MATCH = YES;
				"CODE_SIGN_IDENTITY[sdk=iphoneos*]" = "iPhone Developer";
				COPY_PHASE_STRIP = NO;
				DEBUG_INFORMATION_FORMAT = "dwarf-with-dsym";
				ENABLE_NS_ASSERTIONS = NO;
				ENABLE_STRICT_OBJC_MSGSEND = YES;
				GCC_C_LANGUAGE_STANDARD = gnu99;
				GCC_NO_COMMON_BLOCKS = YES;
				GCC_WARN_64_TO_32_BIT_CONVERSION = YES;
				GCC_WARN_ABOUT_RETURN_TYPE = YES_ERROR;
				GCC_WARN_UNDECLARED_SELECTOR = YES;
				GCC_WARN_UNINITIALIZED_AUTOS = YES_AGGRESSIVE;
				GCC_WARN_UNUSED_FUNCTION = YES;
				GCC_WARN_UNUSED_VARIABLE = YES;
				IPHONEOS_DEPLOYMENT_TARGET = 9.0;
				MTL_ENABLE_DEBUG_INFO = NO;
				SDKROOT = iphoneos;
				VALIDATE_PRODUCT = YES;
			};
			name = Release;
		};
		8B9486151B46CAE70088F101 /* Debug */ = {
			isa = XCBuildConfiguration;
			buildSettings = {
				ASSETCATALOG_COMPILER_APPICON_NAME = AppIcon;
				INFOPLIST_FILE = "e-reader/Info.plist";
				IPHONEOS_DEPLOYMENT_TARGET = 8.3;
				LD_RUNPATH_SEARCH_PATHS = "$(inherited) @executable_path/Frameworks";
				PRODUCT_BUNDLE_IDENTIFIER = "smallCobblerStudio.e-reader";
				PRODUCT_NAME = "$(TARGET_NAME)";
				TARGETED_DEVICE_FAMILY = 1;
			};
			name = Debug;
		};
		8B9486161B46CAE70088F101 /* Release */ = {
			isa = XCBuildConfiguration;
			buildSettings = {
				ASSETCATALOG_COMPILER_APPICON_NAME = AppIcon;
				INFOPLIST_FILE = "e-reader/Info.plist";
				IPHONEOS_DEPLOYMENT_TARGET = 8.3;
				LD_RUNPATH_SEARCH_PATHS = "$(inherited) @executable_path/Frameworks";
				PRODUCT_BUNDLE_IDENTIFIER = "smallCobblerStudio.e-reader";
				PRODUCT_NAME = "$(TARGET_NAME)";
				TARGETED_DEVICE_FAMILY = 1;
			};
			name = Release;
		};
/* End XCBuildConfiguration section */

/* Begin XCConfigurationList section */
		8B9485F81B46CAE70088F101 /* Build configuration list for PBXProject "e-reader" */ = {
			isa = XCConfigurationList;
			buildConfigurations = (
				8B9486121B46CAE70088F101 /* Debug */,
				8B9486131B46CAE70088F101 /* Release */,
			);
			defaultConfigurationIsVisible = 0;
			defaultConfigurationName = Release;
		};
		8B9486141B46CAE70088F101 /* Build configuration list for PBXNativeTarget "e-reader" */ = {
			isa = XCConfigurationList;
			buildConfigurations = (
				8B9486151B46CAE70088F101 /* Debug */,
				8B9486161B46CAE70088F101 /* Release */,
			);
			defaultConfigurationIsVisible = 0;
			defaultConfigurationName = Release;
		};
/* End XCConfigurationList section */
	};
	rootObject = 8B9485F51B46CAE70088F101 /* Project object */;
}
